# This file is automatically @generated by Cargo.
# It is not intended for manual editing.
version = 3

[[package]]
name = "f0_expr"
version = "0.0.0"

[[package]]
name = "f1_tool"
version = "0.0.0"

[[package]]
name = "f2_domain"
version = "0.0.0"

[[package]]
name = "f3_message"
version = "0.0.0"

[[package]]
name = "f4_repair"
version = "0.0.0"

[[package]]
name = "f5_supervisor"
version = "0.0.0"
